// !$*UTF8*$!
{
	archiveVersion = 1;
	classes = {
	};
	objectVersion = 77;
	objects = {

/* Begin PBXBuildFile section */
		6E925C402EC87914003B0C9C /* AppDelegate.swift in Sources */ = {isa = PBXBuildFile; fileRef = 6E925C3A2EC87914003B0C9C /* AppDelegate.swift */; };
		6E925C412EC87914003B0C9C /* SceneDelegate.swift in Sources */ = {isa = PBXBuildFile; fileRef = 6E925C3D2EC87914003B0C9C /* SceneDelegate.swift */; };
		6E925C432EC87914003B0C9C /* Assets.xcassets in Resources */ = {isa = PBXBuildFile; fileRef = 6E925C3B2EC87914003B0C9C /* Assets.xcassets */; };
		6E925C722EC883E5003B0C9C /* SplashScreenViewController.swift in Sources */ = {isa = PBXBuildFile; fileRef = 6E925C712EC883E5003B0C9C /* SplashScreenViewController.swift */; };
		6E925CCF2EC88821003B0C9C /* LoginViewModel.swift in Sources */ = {isa = PBXBuildFile; fileRef = 6E925CCE2EC88817003B0C9C /* LoginViewModel.swift */; };
		6E925CD12EC8889E003B0C9C /* LoginViewController.swift in Sources */ = {isa = PBXBuildFile; fileRef = 6E925CD02EC8889E003B0C9C /* LoginViewController.swift */; };
		6E925D272EC88C92003B0C9C /* SignupViewController.swift in Sources */ = {isa = PBXBuildFile; fileRef = 6E925D262EC88C92003B0C9C /* SignupViewController.swift */; };
		6E925D292EC88CAB003B0C9C /* OTPViewController.swift in Sources */ = {isa = PBXBuildFile; fileRef = 6E925D282EC88CAB003B0C9C /* OTPViewController.swift */; };
		987F8E5C6FDD5E620AE5C6B6 /* Pods_Stunner.framework in Frameworks */ = {isa = PBXBuildFile; fileRef = BEF1D2E09E713D8C0A3B14AC /* Pods_Stunner.framework */; };
/* End PBXBuildFile section */

/* Begin PBXFileReference section */
		6E925C222EC87903003B0C9C /* Stunner.app */ = {isa = PBXFileReference; explicitFileType = wrapper.application; includeInIndex = 0; path = Stunner.app; sourceTree = BUILT_PRODUCTS_DIR; };
		6E925C3A2EC87914003B0C9C /* AppDelegate.swift */ = {isa = PBXFileReference; lastKnownFileType = sourcecode.swift; path = AppDelegate.swift; sourceTree = "<group>"; };
		6E925C3B2EC87914003B0C9C /* Assets.xcassets */ = {isa = PBXFileReference; lastKnownFileType = folder.assetcatalog; path = Assets.xcassets; sourceTree = "<group>"; };
		6E925C3C2EC87914003B0C9C /* Info.plist */ = {isa = PBXFileReference; lastKnownFileType = text.plist.xml; path = Info.plist; sourceTree = "<group>"; };
		6E925C3D2EC87914003B0C9C /* SceneDelegate.swift */ = {isa = PBXFileReference; lastKnownFileType = sourcecode.swift; path = SceneDelegate.swift; sourceTree = "<group>"; };
		6E925C712EC883E5003B0C9C /* SplashScreenViewController.swift */ = {isa = PBXFileReference; lastKnownFileType = sourcecode.swift; path = SplashScreenViewController.swift; sourceTree = "<group>"; };
		6E925CCE2EC88817003B0C9C /* LoginViewModel.swift */ = {isa = PBXFileReference; lastKnownFileType = sourcecode.swift; path = LoginViewModel.swift; sourceTree = "<group>"; };
		6E925CD02EC8889E003B0C9C /* LoginViewController.swift */ = {isa = PBXFileReference; lastKnownFileType = sourcecode.swift; path = LoginViewController.swift; sourceTree = "<group>"; };
		6E925D262EC88C92003B0C9C /* SignupViewController.swift */ = {isa = PBXFileReference; lastKnownFileType = sourcecode.swift; path = SignupViewController.swift; sourceTree = "<group>"; };
		6E925D282EC88CAB003B0C9C /* OTPViewController.swift */ = {isa = PBXFileReference; lastKnownFileType = sourcecode.swift; path = OTPViewController.swift; sourceTree = "<group>"; };
		AB2289DA77AF31057D8D262F /* Pods-Stunner.release.xcconfig */ = {isa = PBXFileReference; includeInIndex = 1; lastKnownFileType = text.xcconfig; name = "Pods-Stunner.release.xcconfig"; path = "Target Support Files/Pods-Stunner/Pods-Stunner.release.xcconfig"; sourceTree = "<group>"; };
		BEF1D2E09E713D8C0A3B14AC /* Pods_Stunner.framework */ = {isa = PBXFileReference; explicitFileType = wrapper.framework; includeInIndex = 0; path = Pods_Stunner.framework; sourceTree = BUILT_PRODUCTS_DIR; };
		C59A351F3C14F6250E2AA52E /* Pods-Stunner.debug.xcconfig */ = {isa = PBXFileReference; includeInIndex = 1; lastKnownFileType = text.xcconfig; name = "Pods-Stunner.debug.xcconfig"; path = "Target Support Files/Pods-Stunner/Pods-Stunner.debug.xcconfig"; sourceTree = "<group>"; };
/* End PBXFileReference section */

/* Begin PBXFrameworksBuildPhase section */
		6E925C1F2EC87903003B0C9C /* Frameworks */ = {
			isa = PBXFrameworksBuildPhase;
			buildActionMask = 2147483647;
			files = (
				987F8E5C6FDD5E620AE5C6B6 /* Pods_Stunner.framework in Frameworks */,
			);
			runOnlyForDeploymentPostprocessing = 0;
		};
/* End PBXFrameworksBuildPhase section */

/* Begin PBXGroup section */
		6E925C192EC87903003B0C9C = {
			isa = PBXGroup;
			children = (
				6E925C3F2EC87914003B0C9C /* Stunner */,
				6E925C232EC87903003B0C9C /* Products */,
				83ED1410C4A74FF63A97371B /* Pods */,
				DF06BEBB6EA13F53BC9952B9 /* Frameworks */,
			);
			sourceTree = "<group>";
		};
		6E925C232EC87903003B0C9C /* Products */ = {
			isa = PBXGroup;
			children = (
				6E925C222EC87903003B0C9C /* Stunner.app */,
			);
			name = Products;
			sourceTree = "<group>";
		};
		6E925C3F2EC87914003B0C9C /* Stunner */ = {
			isa = PBXGroup;
			children = (
				6E925C752EC884FB003B0C9C /* Models */,
				6E925C742EC884EF003B0C9C /* Views */,
				6E925C762EC88502003B0C9C /* ViewModels */,
				6E925C772EC8850B003B0C9C /* Services */,
				6E925C3B2EC87914003B0C9C /* Assets.xcassets */,
				6E925C3C2EC87914003B0C9C /* Info.plist */,
				6E925C3D2EC87914003B0C9C /* SceneDelegate.swift */,
				6E925C3A2EC87914003B0C9C /* AppDelegate.swift */,
			);
			path = Stunner;
			sourceTree = "<group>";
		};
		6E925C742EC884EF003B0C9C /* Views */ = {
			isa = PBXGroup;
			children = (
				6E925D282EC88CAB003B0C9C /* OTPViewController.swift */,
				6E925D262EC88C92003B0C9C /* SignupViewController.swift */,
				6E925CD02EC8889E003B0C9C /* LoginViewController.swift */,
				6E925C712EC883E5003B0C9C /* SplashScreenViewController.swift */,
			);
			path = Views;
			sourceTree = "<group>";
		};
		6E925C752EC884FB003B0C9C /* Models */ = {
			isa = PBXGroup;
			children = (
				6E925CCE2EC88817003B0C9C /* LoginViewModel.swift */,
			);
			path = Models;
			sourceTree = "<group>";
		};
		6E925C762EC88502003B0C9C /* ViewModels */ = {
			isa = PBXGroup;
			children = (
			);
			path = ViewModels;
			sourceTree = "<group>";
		};
		6E925C772EC8850B003B0C9C /* Services */ = {
			isa = PBXGroup;
			children = (
			);
			path = Services;
			sourceTree = "<group>";
		};
		83ED1410C4A74FF63A97371B /* Pods */ = {
			isa = PBXGroup;
			children = (
				C59A351F3C14F6250E2AA52E /* Pods-Stunner.debug.xcconfig */,
				AB2289DA77AF31057D8D262F /* Pods-Stunner.release.xcconfig */,
			);
			path = Pods;
			sourceTree = "<group>";
		};
		DF06BEBB6EA13F53BC9952B9 /* Frameworks */ = {
			isa = PBXGroup;
			children = (
				BEF1D2E09E713D8C0A3B14AC /* Pods_Stunner.framework */,
			);
			name = Frameworks;
			sourceTree = "<group>";
		};
/* End PBXGroup section */

/* Begin PBXNativeTarget section */
		6E925C212EC87903003B0C9C /* Stunner */ = {
			isa = PBXNativeTarget;
			buildConfigurationList = 6E925C352EC87905003B0C9C /* Build configuration list for PBXNativeTarget "Stunner" */;
			buildPhases = (
				E5814B81E58C960A1A284F51 /* [CP] Check Pods Manifest.lock */,
				6E925C1E2EC87903003B0C9C /* Sources */,
				6E925C1F2EC87903003B0C9C /* Frameworks */,
				6E925C202EC87903003B0C9C /* Resources */,
				07988F660F48CFAABC9A71C8 /* [CP] Embed Pods Frameworks */,
			);
			buildRules = (
			);
			dependencies = (
			);
			name = Stunner;
			productName = Stunner;
			productReference = 6E925C222EC87903003B0C9C /* Stunner.app */;
			productType = "com.apple.product-type.application";
		};
/* End PBXNativeTarget section */

/* Begin PBXProject section */
		6E925C1A2EC87903003B0C9C /* Project object */ = {
			isa = PBXProject;
			attributes = {
				BuildIndependentTargetsInParallel = 1;
				LastSwiftUpdateCheck = 2610;
				LastUpgradeCheck = 2610;
				TargetAttributes = {
					6E925C212EC87903003B0C9C = {
						CreatedOnToolsVersion = 26.1;
					};
				};
			};
			buildConfigurationList = 6E925C1D2EC87903003B0C9C /* Build configuration list for PBXProject "Stunner" */;
			developmentRegion = en;
			hasScannedForEncodings = 0;
			knownRegions = (
				en,
				Base,
			);
			mainGroup = 6E925C192EC87903003B0C9C;
			minimizedProjectReferenceProxies = 1;
			preferredProjectObjectVersion = 77;
			productRefGroup = 6E925C232EC87903003B0C9C /* Products */;
			projectDirPath = "";
			projectRoot = "";
			targets = (
				6E925C212EC87903003B0C9C /* Stunner */,
			);
		};
/* End PBXProject section */

/* Begin PBXResourcesBuildPhase section */
		6E925C202EC87903003B0C9C /* Resources */ = {
			isa = PBXResourcesBuildPhase;
			buildActionMask = 2147483647;
			files = (
				6E925C432EC87914003B0C9C /* Assets.xcassets in Resources */,
			);
			runOnlyForDeploymentPostprocessing = 0;
		};
/* End PBXResourcesBuildPhase section */

/* Begin PBXShellScriptBuildPhase section */
		07988F660F48CFAABC9A71C8 /* [CP] Embed Pods Frameworks */ = {
			isa = PBXShellScriptBuildPhase;
			buildActionMask = 2147483647;
			files = (
			);
			inputFileListPaths = (
				"${PODS_ROOT}/Target Support Files/Pods-Stunner/Pods-Stunner-frameworks-${CONFIGURATION}-input-files.xcfilelist",
			);
			inputPaths = (
			);
			name = "[CP] Embed Pods Frameworks";
			outputFileListPaths = (
				"${PODS_ROOT}/Target Support Files/Pods-Stunner/Pods-Stunner-frameworks-${CONFIGURATION}-output-files.xcfilelist",
			);
			outputPaths = (
			);
			runOnlyForDeploymentPostprocessing = 0;
			shellPath = /bin/sh;
			shellScript = "\"${PODS_ROOT}/Target Support Files/Pods-Stunner/Pods-Stunner-frameworks.sh\"\n";
			showEnvVarsInLog = 0;
		};
		E5814B81E58C960A1A284F51 /* [CP] Check Pods Manifest.lock */ = {
			isa = PBXShellScriptBuildPhase;
			buildActionMask = 2147483647;
			files = (
			);
			inputFileListPaths = (
			);
			inputPaths = (
				"${PODS_PODFILE_DIR_PATH}/Podfile.lock",
				"${PODS_ROOT}/Manifest.lock",
			);
			name = "[CP] Check Pods Manifest.lock";
			outputFileListPaths = (
			);
			outputPaths = (
				"$(DERIVED_FILE_DIR)/Pods-Stunner-checkManifestLockResult.txt",
			);
			runOnlyForDeploymentPostprocessing = 0;
			shellPath = /bin/sh;
			shellScript = "diff \"${PODS_PODFILE_DIR_PATH}/Podfile.lock\" \"${PODS_ROOT}/Manifest.lock\" > /dev/null\nif [ $? != 0 ] ; then\n    # print error to STDERR\n    echo \"error: The sandbox is not in sync with the Podfile.lock. Run 'pod install' or update your CocoaPods installation.\" >&2\n    exit 1\nfi\n# This output is used by Xcode 'outputs' to avoid re-running this script phase.\necho \"SUCCESS\" > \"${SCRIPT_OUTPUT_FILE_0}\"\n";
			showEnvVarsInLog = 0;
		};
/* End PBXShellScriptBuildPhase section */

/* Begin PBXSourcesBuildPhase section */
		6E925C1E2EC87903003B0C9C /* Sources */ = {
			isa = PBXSourcesBuildPhase;
			buildActionMask = 2147483647;
			files = (
				6E925D272EC88C92003B0C9C /* SignupViewController.swift in Sources */,
				6E925CCF2EC88821003B0C9C /* LoginViewModel.swift in Sources */,
				6E925C402EC87914003B0C9C /* AppDelegate.swift in Sources */,
				6E925C412EC87914003B0C9C /* SceneDelegate.swift in Sources */,
				6E925CD12EC8889E003B0C9C /* LoginViewController.swift in Sources */,
				6E925D292EC88CAB003B0C9C /* OTPViewController.swift in Sources */,
				6E925C722EC883E5003B0C9C /* SplashScreenViewController.swift in Sources */,
			);
			runOnlyForDeploymentPostprocessing = 0;
		};
/* End PBXSourcesBuildPhase section */

/* Begin XCBuildConfiguration section */
		6E925C362EC87905003B0C9C /* Debug */ = {
			isa = XCBuildConfiguration;
			baseConfigurationReference = C59A351F3C14F6250E2AA52E /* Pods-Stunner.debug.xcconfig */;
			buildSettings = {
				ASSETCATALOG_COMPILER_APPICON_NAME = AppIcon;
				ASSETCATALOG_COMPILER_GLOBAL_ACCENT_COLOR_NAME = AccentColor;
				"CODE_SIGN_IDENTITY[sdk=iphoneos*]" = "iPhone Developer";
				CODE_SIGN_STYLE = Manual;
				CURRENT_PROJECT_VERSION = 1;
				DEVELOPMENT_TEAM = "";
				"DEVELOPMENT_TEAM[sdk=iphoneos*]" = 76A6742W4M;
				ENABLE_USER_SCRIPT_SANDBOXING = NO;
				GENERATE_INFOPLIST_FILE = YES;
				INFOPLIST_FILE = Stunner/Info.plist;
				INFOPLIST_KEY_UIApplicationSupportsIndirectInputEvents = YES;
				INFOPLIST_KEY_UILaunchStoryboardName = LaunchScreen;
				INFOPLIST_KEY_UISupportedInterfaceOrientations_iPad = "UIInterfaceOrientationPortrait UIInterfaceOrientationPortraitUpsideDown UIInterfaceOrientationLandscapeLeft UIInterfaceOrientationLandscapeRight";
				INFOPLIST_KEY_UISupportedInterfaceOrientations_iPhone = "UIInterfaceOrientationPortrait UIInterfaceOrientationLandscapeLeft UIInterfaceOrientationLandscapeRight";
				IPHONEOS_DEPLOYMENT_TARGET = 13.0;
				LD_RUNPATH_SEARCH_PATHS = (
					"$(inherited)",
					"@executable_path/Frameworks",
				);
				MARKETING_VERSION = 1.0;
				PRODUCT_BUNDLE_IDENTIFIER = com.Stunner;
				PRODUCT_NAME = "$(TARGET_NAME)";
				PROVISIONING_PROFILE_SPECIFIER = "";
				"PROVISIONING_PROFILE_SPECIFIER[sdk=iphoneos*]" = "IOS Team provisioning profile for apps starting c";
				STRING_CATALOG_GENERATE_SYMBOLS = YES;
				SWIFT_APPROACHABLE_CONCURRENCY = YES;
				SWIFT_DEFAULT_ACTOR_ISOLATION = MainActor;
				SWIFT_EMIT_LOC_STRINGS = YES;
				SWIFT_UPCOMING_FEATURE_MEMBER_IMPORT_VISIBILITY = YES;
				SWIFT_VERSION = 5.0;
				TARGETED_DEVICE_FAMILY = "1,2";
			};
			name = Debug;
		};
		6E925C372EC87905003B0C9C /* Release */ = {
			isa = XCBuildConfiguration;
			baseConfigurationReference = AB2289DA77AF31057D8D262F /* Pods-Stunner.release.xcconfig */;
			buildSettings = {
				ASSETCATALOG_COMPILER_APPICON_NAME = AppIcon;
				ASSETCATALOG_COMPILER_GLOBAL_ACCENT_COLOR_NAME = AccentColor;
				"CODE_SIGN_IDENTITY[sdk=iphoneos*]" = "iPhone Developer";
				CODE_SIGN_STYLE = Manual;
				CURRENT_PROJECT_VERSION = 1;
				DEVELOPMENT_TEAM = "";
				"DEVELOPMENT_TEAM[sdk=iphoneos*]" = 76A6742W4M;
				ENABLE_USER_SCRIPT_SANDBOXING = NO;
				GENERATE_INFOPLIST_FILE = YES;
				INFOPLIST_FILE = Stunner/Info.plist;
				INFOPLIST_KEY_UIApplicationSupportsIndirectInputEvents = YES;
				INFOPLIST_KEY_UILaunchStoryboardName = LaunchScreen;
				INFOPLIST_KEY_UISupportedInterfaceOrientations_iPad = "UIInterfaceOrientationPortrait UIInterfaceOrientationPortraitUpsideDown UIInterfaceOrientationLandscapeLeft UIInterfaceOrientationLandscapeRight";
				INFOPLIST_KEY_UISupportedInterfaceOrientations_iPhone = "UIInterfaceOrientationPortrait UIInterfaceOrientationLandscapeLeft UIInterfaceOrientationLandscapeRight";
				IPHONEOS_DEPLOYMENT_TARGET = 13.0;
				LD_RUNPATH_SEARCH_PATHS = (
					"$(inherited)",
					"@executable_path/Frameworks",
				);
				MARKETING_VERSION = 1.0;
				PRODUCT_BUNDLE_IDENTIFIER = com.Stunner;
				PRODUCT_NAME = "$(TARGET_NAME)";
				PROVISIONING_PROFILE_SPECIFIER = "";
				"PROVISIONING_PROFILE_SPECIFIER[sdk=iphoneos*]" = "IOS Team provisioning profile for apps starting c";
				STRING_CATALOG_GENERATE_SYMBOLS = YES;
				SWIFT_APPROACHABLE_CONCURRENCY = YES;
				SWIFT_DEFAULT_ACTOR_ISOLATION = MainActor;
				SWIFT_EMIT_LOC_STRINGS = YES;
				SWIFT_UPCOMING_FEATURE_MEMBER_IMPORT_VISIBILITY = YES;
				SWIFT_VERSION = 5.0;
				TARGETED_DEVICE_FAMILY = "1,2";
			};
			name = Release;
		};
		6E925C382EC87905003B0C9C /* Debug */ = {
			isa = XCBuildConfiguration;
			buildSettings = {
				ALWAYS_SEARCH_USER_PATHS = NO;
				ASSETCATALOG_COMPILER_GENERATE_SWIFT_ASSET_SYMBOL_EXTENSIONS = YES;
				CLANG_ANALYZER_NONNULL = YES;
				CLANG_ANALYZER_NUMBER_OBJECT_CONVERSION = YES_AGGRESSIVE;
				CLANG_CXX_LANGUAGE_STANDARD = "gnu++20";
				CLANG_ENABLE_MODULES = YES;
				CLANG_ENABLE_OBJC_ARC = YES;
				CLANG_ENABLE_OBJC_WEAK = YES;
				CLANG_WARN_BLOCK_CAPTURE_AUTORELEASING = YES;
				CLANG_WARN_BOOL_CONVERSION = YES;
				CLANG_WARN_COMMA = YES;
				CLANG_WARN_CONSTANT_CONVERSION = YES;
				CLANG_WARN_DEPRECATED_OBJC_IMPLEMENTATIONS = YES;
				CLANG_WARN_DIRECT_OBJC_ISA_USAGE = YES_ERROR;
				CLANG_WARN_DOCUMENTATION_COMMENTS = YES;
				CLANG_WARN_EMPTY_BODY = YES;
				CLANG_WARN_ENUM_CONVERSION = YES;
				CLANG_WARN_INFINITE_RECURSION = YES;
				CLANG_WARN_INT_CONVERSION = YES;
				CLANG_WARN_NON_LITERAL_NULL_CONVERSION = YES;
				CLANG_WARN_OBJC_IMPLICIT_RETAIN_SELF = YES;
				CLANG_WARN_OBJC_LITERAL_CONVERSION = YES;
				CLANG_WARN_OBJC_ROOT_CLASS = YES_ERROR;
				CLANG_WARN_QUOTED_INCLUDE_IN_FRAMEWORK_HEADER = YES;
				CLANG_WARN_RANGE_LOOP_ANALYSIS = YES;
				CLANG_WARN_STRICT_PROTOTYPES = YES;
				CLANG_WARN_SUSPICIOUS_MOVE = YES;
				CLANG_WARN_UNGUARDED_AVAILABILITY = YES_AGGRESSIVE;
				CLANG_WARN_UNREACHABLE_CODE = YES;
				CLANG_WARN__DUPLICATE_METHOD_MATCH = YES;
				COPY_PHASE_STRIP = NO;
				DEBUG_INFORMATION_FORMAT = dwarf;
				DEVELOPMENT_TEAM = LP8MX2Q64C;
				ENABLE_STRICT_OBJC_MSGSEND = YES;
				ENABLE_TESTABILITY = YES;
				ENABLE_USER_SCRIPT_SANDBOXING = YES;
				GCC_C_LANGUAGE_STANDARD = gnu17;
				GCC_DYNAMIC_NO_PIC = NO;
				GCC_NO_COMMON_BLOCKS = YES;
				GCC_OPTIMIZATION_LEVEL = 0;
				GCC_PREPROCESSOR_DEFINITIONS = (
					"DEBUG=1",
					"$(inherited)",
				);
				GCC_WARN_64_TO_32_BIT_CONVERSION = YES;
				GCC_WARN_ABOUT_RETURN_TYPE = YES_ERROR;
				GCC_WARN_UNDECLARED_SELECTOR = YES;
				GCC_WARN_UNINITIALIZED_AUTOS = YES_AGGRESSIVE;
				GCC_WARN_UNUSED_FUNCTION = YES;
				GCC_WARN_UNUSED_VARIABLE = YES;
				IPHONEOS_DEPLOYMENT_TARGET = 26.1;
				LOCALIZATION_PREFERS_STRING_CATALOGS = YES;
				MTL_ENABLE_DEBUG_INFO = INCLUDE_SOURCE;
				MTL_FAST_MATH = YES;
				ONLY_ACTIVE_ARCH = YES;
				SDKROOT = iphoneos;
				SWIFT_ACTIVE_COMPILATION_CONDITIONS = "DEBUG $(inherited)";
				SWIFT_OPTIMIZATION_LEVEL = "-Onone";
			};
			name = Debug;
		};
		6E925C392EC87905003B0C9C /* Release */ = {
			isa = XCBuildConfiguration;
			buildSettings = {
				ALWAYS_SEARCH_USER_PATHS = NO;
				ASSETCATALOG_COMPILER_GENERATE_SWIFT_ASSET_SYMBOL_EXTENSIONS = YES;
				CLANG_ANALYZER_NONNULL = YES;
				CLANG_ANALYZER_NUMBER_OBJECT_CONVERSION = YES_AGGRESSIVE;
				CLANG_CXX_LANGUAGE_STANDARD = "gnu++20";
				CLANG_ENABLE_MODULES = YES;
				CLANG_ENABLE_OBJC_ARC = YES;
				CLANG_ENABLE_OBJC_WEAK = YES;
				CLANG_WARN_BLOCK_CAPTURE_AUTORELEASING = YES;
				CLANG_WARN_BOOL_CONVERSION = YES;
				CLANG_WARN_COMMA = YES;
				CLANG_WARN_CONSTANT_CONVERSION = YES;
				CLANG_WARN_DEPRECATED_OBJC_IMPLEMENTATIONS = YES;
				CLANG_WARN_DIRECT_OBJC_ISA_USAGE = YES_ERROR;
				CLANG_WARN_DOCUMENTATION_COMMENTS = YES;
				CLANG_WARN_EMPTY_BODY = YES;
				CLANG_WARN_ENUM_CONVERSION = YES;
				CLANG_WARN_INFINITE_RECURSION = YES;
				CLANG_WARN_INT_CONVERSION = YES;
				CLANG_WARN_NON_LITERAL_NULL_CONVERSION = YES;
				CLANG_WARN_OBJC_IMPLICIT_RETAIN_SELF = YES;
				CLANG_WARN_OBJC_LITERAL_CONVERSION = YES;
				CLANG_WARN_OBJC_ROOT_CLASS = YES_ERROR;
				CLANG_WARN_QUOTED_INCLUDE_IN_FRAMEWORK_HEADER = YES;
				CLANG_WARN_RANGE_LOOP_ANALYSIS = YES;
				CLANG_WARN_STRICT_PROTOTYPES = YES;
				CLANG_WARN_SUSPICIOUS_MOVE = YES;
				CLANG_WARN_UNGUARDED_AVAILABILITY = YES_AGGRESSIVE;
				CLANG_WARN_UNREACHABLE_CODE = YES;
				CLANG_WARN__DUPLICATE_METHOD_MATCH = YES;
				COPY_PHASE_STRIP = NO;
				DEBUG_INFORMATION_FORMAT = "dwarf-with-dsym";
				DEVELOPMENT_TEAM = LP8MX2Q64C;
				ENABLE_NS_ASSERTIONS = NO;
				ENABLE_STRICT_OBJC_MSGSEND = YES;
				ENABLE_USER_SCRIPT_SANDBOXING = YES;
				GCC_C_LANGUAGE_STANDARD = gnu17;
				GCC_NO_COMMON_BLOCKS = YES;
				GCC_WARN_64_TO_32_BIT_CONVERSION = YES;
				GCC_WARN_ABOUT_RETURN_TYPE = YES_ERROR;
				GCC_WARN_UNDECLARED_SELECTOR = YES;
				GCC_WARN_UNINITIALIZED_AUTOS = YES_AGGRESSIVE;
				GCC_WARN_UNUSED_FUNCTION = YES;
				GCC_WARN_UNUSED_VARIABLE = YES;
				IPHONEOS_DEPLOYMENT_TARGET = 26.1;
				LOCALIZATION_PREFERS_STRING_CATALOGS = YES;
				MTL_ENABLE_DEBUG_INFO = NO;
				MTL_FAST_MATH = YES;
				SDKROOT = iphoneos;
				SWIFT_COMPILATION_MODE = wholemodule;
				VALIDATE_PRODUCT = YES;
			};
			name = Release;
		};
/* End XCBuildConfiguration section */

/* Begin XCConfigurationList section */
		6E925C1D2EC87903003B0C9C /* Build configuration list for PBXProject "Stunner" */ = {
			isa = XCConfigurationList;
			buildConfigurations = (
				6E925C382EC87905003B0C9C /* Debug */,
				6E925C392EC87905003B0C9C /* Release */,
			);
			defaultConfigurationIsVisible = 0;
			defaultConfigurationName = Release;
		};
		6E925C352EC87905003B0C9C /* Build configuration list for PBXNativeTarget "Stunner" */ = {
			isa = XCConfigurationList;
			buildConfigurations = (
				6E925C362EC87905003B0C9C /* Debug */,
				6E925C372EC87905003B0C9C /* Release */,
			);
			defaultConfigurationIsVisible = 0;
			defaultConfigurationName = Release;
		};
/* End XCConfigurationList section */
	};
	rootObject = 6E925C1A2EC87903003B0C9C /* Project object */;
}
